// !$*UTF8*$!
{
	archiveVersion = 1;
	classes = {
	};
	objectVersion = 50;
	objects = {

/* Begin PBXBuildFile section */
		F61CCD34224F0B61001EAE20 /* AppDelegate.swift in Sources */ = {isa = PBXBuildFile; fileRef = F61CCD33224F0B61001EAE20 /* AppDelegate.swift */; };
		F61CCD36224F0B61001EAE20 /* ViewController.swift in Sources */ = {isa = PBXBuildFile; fileRef = F61CCD35224F0B61001EAE20 /* ViewController.swift */; };
		F61CCD39224F0B61001EAE20 /* Main.storyboard in Resources */ = {isa = PBXBuildFile; fileRef = F61CCD37224F0B61001EAE20 /* Main.storyboard */; };
		F61CCD3B224F0B62001EAE20 /* Assets.xcassets in Resources */ = {isa = PBXBuildFile; fileRef = F61CCD3A224F0B62001EAE20 /* Assets.xcassets */; };
		F61CCD3E224F0B62001EAE20 /* LaunchScreen.storyboard in Resources */ = {isa = PBXBuildFile; fileRef = F61CCD3C224F0B62001EAE20 /* LaunchScreen.storyboard */; };
/* End PBXBuildFile section */

/* Begin PBXFileReference section */
		F61CCD30224F0B61001EAE20 /* gtnyjuyikiulk,.app */ = {isa = PBXFileReference; explicitFileType = wrapper.application; includeInIndex = 0; path = "gtnyjuyikiulk,.app"; sourceTree = BUILT_PRODUCTS_DIR; };
		F61CCD33224F0B61001EAE20 /* AppDelegate.swift */ = {isa = PBXFileReference; lastKnownFileType = sourcecode.swift; path = AppDelegate.swift; sourceTree = "<group>"; };
		F61CCD35224F0B61001EAE20 /* ViewController.swift */ = {isa = PBXFileReference; lastKnownFileType = sourcecode.swift; path = ViewController.swift; sourceTree = "<group>"; };
		F61CCD38224F0B61001EAE20 /* Base */ = {isa = PBXFileReference; lastKnownFileType = file.storyboard; name = Base; path = Base.lproj/Main.storyboard; sourceTree = "<group>"; };
		F61CCD3A224F0B62001EAE20 /* Assets.xcassets */ = {isa = PBXFileReference; lastKnownFileType = folder.assetcatalog; path = Assets.xcassets; sourceTree = "<group>"; };
		F61CCD3D224F0B62001EAE20 /* Base */ = {isa = PBXFileReference; lastKnownFileType = file.storyboard; name = Base; path = Base.lproj/LaunchScreen.storyboard; sourceTree = "<group>"; };
		F61CCD3F224F0B62001EAE20 /* Info.plist */ = {isa = PBXFileReference; lastKnownFileType = text.plist.xml; path = Info.plist; sourceTree = "<group>"; };
/* End PBXFileReference section */

/* Begin PBXFrameworksBuildPhase section */
		F61CCD2D224F0B61001EAE20 /* Frameworks */ = {
			isa = PBXFrameworksBuildPhase;
			buildActionMask = 2147483647;
			files = (
			);
			runOnlyForDeploymentPostprocessing = 0;
		};
/* End PBXFrameworksBuildPhase section */

/* Begin PBXGroup section */
		F61CCD27224F0B61001EAE20 = {
			isa = PBXGroup;
			children = (
				F61CCD32224F0B61001EAE20 /* gtnyjuyikiulk, */,
				F61CCD31224F0B61001EAE20 /* Products */,
			);
			sourceTree = "<group>";
		};
		F61CCD31224F0B61001EAE20 /* Products */ = {
			isa = PBXGroup;
			children = (
				F61CCD30224F0B61001EAE20 /* gtnyjuyikiulk,.app */,
			);
			name = Products;
			sourceTree = "<group>";
		};
		F61CCD32224F0B61001EAE20 /* gtnyjuyikiulk, */ = {
			isa = PBXGroup;
			children = (
				F61CCD33224F0B61001EAE20 /* AppDelegate.swift */,
				F61CCD35224F0B61001EAE20 /* ViewController.swift */,
				F61CCD37224F0B61001EAE20 /* Main.storyboard */,
				F61CCD3A224F0B62001EAE20 /* Assets.xcassets */,
				F61CCD3C224F0B62001EAE20 /* LaunchScreen.storyboard */,
				F61CCD3F224F0B62001EAE20 /* Info.plist */,
			);
			path = "gtnyjuyikiulk,";
			sourceTree = "<group>";
		};
/* End PBXGroup section */

/* Begin PBXNativeTarget section */
		F61CCD2F224F0B61001EAE20 /* gtnyjuyikiulk, */ = {
			isa = PBXNativeTarget;
			buildConfigurationList = F61CCD42224F0B62001EAE20 /* Build configuration list for PBXNativeTarget "gtnyjuyikiulk," */;
			buildPhases = (
				F61CCD2C224F0B61001EAE20 /* Sources */,
				F61CCD2D224F0B61001EAE20 /* Frameworks */,
				F61CCD2E224F0B61001EAE20 /* Resources */,
			);
			buildRules = (
			);
			dependencies = (
			);
			name = "gtnyjuyikiulk,";
			productName = "gtnyjuyikiulk,";
			productReference = F61CCD30224F0B61001EAE20 /* gtnyjuyikiulk,.app */;
			productType = "com.apple.product-type.application";
		};
/* End PBXNativeTarget section */

/* Begin PBXProject section */
		F61CCD28224F0B61001EAE20 /* Project object */ = {
			isa = PBXProject;
			attributes = {
				LastSwiftUpdateCheck = 1010;
				LastUpgradeCheck = 1010;
				ORGANIZATIONNAME = "Santhi p Tata";
				TargetAttributes = {
					F61CCD2F224F0B61001EAE20 = {
						CreatedOnToolsVersion = 10.1;
					};
				};
			};
			buildConfigurationList = F61CCD2B224F0B61001EAE20 /* Build configuration list for PBXProject "gtnyjuyikiulk," */;
			compatibilityVersion = "Xcode 9.3";
			developmentRegion = en;
			hasScannedForEncodings = 0;
			knownRegions = (
				en,
				Base,
			);
			mainGroup = F61CCD27224F0B61001EAE20;
			productRefGroup = F61CCD31224F0B61001EAE20 /* Products */;
			projectDirPath = "";
			projectRoot = "";
			targets = (
				F61CCD2F224F0B61001EAE20 /* gtnyjuyikiulk, */,
			);
		};
/* End PBXProject section */

/* Begin PBXResourcesBuildPhase section */
		F61CCD2E224F0B61001EAE20 /* Resources */ = {
			isa = PBXResourcesBuildPhase;
			buildActionMask = 2147483647;
			files = (
				F61CCD3E224F0B62001EAE20 /* LaunchScreen.storyboard in Resources */,
				F61CCD3B224F0B62001EAE20 /* Assets.xcassets in Resources */,
				F61CCD39224F0B61001EAE20 /* Main.storyboard in Resources */,
			);
			runOnlyForDeploymentPostprocessing = 0;
		};
/* End PBXResourcesBuildPhase section */

/* Begin PBXSourcesBuildPhase section */
		F61CCD2C224F0B61001EAE20 /* Sources */ = {
			isa = PBXSourcesBuildPhase;
			buildActionMask = 2147483647;
			files = (
				F61CCD36224F0B61001EAE20 /* ViewController.swift in Sources */,
				F61CCD34224F0B61001EAE20 /* AppDelegate.swift in Sources */,
			);
			runOnlyForDeploymentPostprocessing = 0;
		};
/* End PBXSourcesBuildPhase section */

/* Begin PBXVariantGroup section */
		F61CCD37224F0B61001EAE20 /* Main.storyboard */ = {
			isa = PBXVariantGroup;
			children = (
				F61CCD38224F0B61001EAE20 /* Base */,
			);
			name = Main.storyboard;
			sourceTree = "<group>";
		};
		F61CCD3C224F0B62001EAE20 /* LaunchScreen.storyboard */ = {
			isa = PBXVariantGroup;
			children = (
				F61CCD3D224F0B62001EAE20 /* Base */,
			);
			name = LaunchScreen.storyboard;
			sourceTree = "<group>";
		};
/* End PBXVariantGroup section */

/* Begin XCBuildConfiguration section */
		F61CCD40224F0B62001EAE20 /* Debug */ = {
			isa = XCBuildConfiguration;
			buildSettings = {
				ALWAYS_SEARCH_USER_PATHS = NO;
				CLANG_ANALYZER_NONNULL = YES;
				CLANG_ANALYZER_NUMBER_OBJECT_CONVERSION = YES_AGGRESSIVE;
				CLANG_CXX_LANGUAGE_STANDARD = "gnu++14";
				CLANG_CXX_LIBRARY = "libc++";
				CLANG_ENABLE_MODULES = YES;
				CLANG_ENABLE_OBJC_ARC = YES;
				CLANG_ENABLE_OBJC_WEAK = YES;
				CLANG_WARN_BLOCK_CAPTURE_AUTORELEASING = YES;
				CLANG_WARN_BOOL_CONVERSION = YES;
				CLANG_WARN_COMMA = YES;
				CLANG_WARN_CONSTANT_CONVERSION = YES;
				CLANG_WARN_DEPRECATED_OBJC_IMPLEMENTATIONS = YES;
				CLANG_WARN_DIRECT_OBJC_ISA_USAGE = YES_ERROR;
				CLANG_WARN_DOCUMENTATION_COMMENTS = YES;
				CLANG_WARN_EMPTY_BODY = YES;
				CLANG_WARN_ENUM_CONVERSION = YES;
				CLANG_WARN_INFINITE_RECURSION = YES;
				CLANG_WARN_INT_CONVERSION = YES;
				CLANG_WARN_NON_LITERAL_NULL_CONVERSION = YES;
				CLANG_WARN_OBJC_IMPLICIT_RETAIN_SELF = YES;
				CLANG_WARN_OBJC_LITERAL_CONVERSION = YES;
				CLANG_WARN_OBJC_ROOT_CLASS = YES_ERROR;
				CLANG_WARN_RANGE_LOOP_ANALYSIS = YES;
				CLANG_WARN_STRICT_PROTOTYPES = YES;
				CLANG_WARN_SUSPICIOUS_MOVE = YES;
				CLANG_WARN_UNGUARDED_AVAILABILITY = YES_AGGRESSIVE;
				CLANG_WARN_UNREACHABLE_CODE = YES;
				CLANG_WARN__DUPLICATE_METHOD_MATCH = YES;
				CODE_SIGN_IDENTITY = "iPhone Developer";
				COPY_PHASE_STRIP = NO;
				DEBUG_INFORMATION_FORMAT = dwarf;
				ENABLE_STRICT_OBJC_MSGSEND = YES;
				ENABLE_TESTABILITY = YES;
				GCC_C_LANGUAGE_STANDARD = gnu11;
				GCC_DYNAMIC_NO_PIC = NO;
				GCC_NO_COMMON_BLOCKS = YES;
				GCC_OPTIMIZATION_LEVEL = 0;
				GCC_PREPROCESSOR_DEFINITIONS = (
					"DEBUG=1",
					"$(inherited)",
				);
				GCC_WARN_64_TO_32_BIT_CONVERSION = YES;
				GCC_WARN_ABOUT_RETURN_TYPE = YES_ERROR;
				GCC_WARN_UNDECLARED_SELECTOR = YES;
				GCC_WARN_UNINITIALIZED_AUTOS = YES_AGGRESSIVE;
				GCC_WARN_UNUSED_FUNCTION = YES;
				GCC_WARN_UNUSED_VARIABLE = YES;
				IPHONEOS_DEPLOYMENT_TARGET = 12.1;
				MTL_ENABLE_DEBUG_INFO = INCLUDE_SOURCE;
				MTL_FAST_MATH = YES;
				ONLY_ACTIVE_ARCH = YES;
				SDKROOT = iphoneos;
				SWIFT_ACTIVE_COMPILATION_CONDITIONS = DEBUG;
				SWIFT_OPTIMIZATION_LEVEL = "-Onone";
			};
			name = Debug;
		};
		F61CCD41224F0B62001EAE20 /* Release */ = {
			isa = XCBuildConfiguration;
			buildSettings = {
				ALWAYS_SEARCH_USER_PATHS = NO;
				CLANG_ANALYZER_NONNULL = YES;
				CLANG_ANALYZER_NUMBER_OBJECT_CONVERSION = YES_AGGRESSIVE;
				CLANG_CXX_LANGUAGE_STANDARD = "gnu++14";
				CLANG_CXX_LIBRARY = "libc++";
				CLANG_ENABLE_MODULES = YES;
				CLANG_ENABLE_OBJC_ARC = YES;
				CLANG_ENABLE_OBJC_WEAK = YES;
				CLANG_WARN_BLOCK_CAPTURE_AUTORELEASING = YES;
				CLANG_WARN_BOOL_CONVERSION = YES;
				CLANG_WARN_COMMA = YES;
				CLANG_WARN_CONSTANT_CONVERSION = YES;
				CLANG_WARN_DEPRECATED_OBJC_IMPLEMENTATIONS = YES;
				CLANG_WARN_DIRECT_OBJC_ISA_USAGE = YES_ERROR;
				CLANG_WARN_DOCUMENTATION_COMMENTS = YES;
				CLANG_WARN_EMPTY_BODY = YES;
				CLANG_WARN_ENUM_CONVERSION = YES;
				CLANG_WARN_INFINITE_RECURSION = YES;
				CLANG_WARN_INT_CONVERSION = YES;
				CLANG_WARN_NON_LITERAL_NULL_CONVERSION = YES;
				CLANG_WARN_OBJC_IMPLICIT_RETAIN_SELF = YES;
				CLANG_WARN_OBJC_LITERAL_CONVERSION = YES;
				CLANG_WARN_OBJC_ROOT_CLASS = YES_ERROR;
				CLANG_WARN_RANGE_LOOP_ANALYSIS = YES;
				CLANG_WARN_STRICT_PROTOTYPES = YES;
				CLANG_WARN_SUSPICIOUS_MOVE = YES;
				CLANG_WARN_UNGUARDED_AVAILABILITY = YES_AGGRESSIVE;
				CLANG_WARN_UNREACHABLE_CODE = YES;
				CLANG_WARN__DUPLICATE_METHOD_MATCH = YES;
				CODE_SIGN_IDENTITY = "iPhone Developer";
				COPY_PHASE_STRIP = NO;
				DEBUG_INFORMATION_FORMAT = "dwarf-with-dsym";
				ENABLE_NS_ASSERTIONS = NO;
				ENABLE_STRICT_OBJC_MSGSEND = YES;
				GCC_C_LANGUAGE_STANDARD = gnu11;
				GCC_NO_COMMON_BLOCKS = YES;
				GCC_WARN_64_TO_32_BIT_CONVERSION = YES;
				GCC_WARN_ABOUT_RETURN_TYPE = YES_ERROR;
				GCC_WARN_UNDECLARED_SELECTOR = YES;
				GCC_WARN_UNINITIALIZED_AUTOS = YES_AGGRESSIVE;
				GCC_WARN_UNUSED_FUNCTION = YES;
				GCC_WARN_UNUSED_VARIABLE = YES;
				IPHONEOS_DEPLOYMENT_TARGET = 12.1;
				MTL_ENABLE_DEBUG_INFO = NO;
				MTL_FAST_MATH = YES;
				SDKROOT = iphoneos;
				SWIFT_COMPILATION_MODE = wholemodule;
				SWIFT_OPTIMIZATION_LEVEL = "-O";
				VALIDATE_PRODUCT = YES;
			};
			name = Release;
		};
		F61CCD43224F0B62001EAE20 /* Debug */ = {
			isa = XCBuildConfiguration;
			buildSettings = {
				ASSETCATALOG_COMPILER_APPICON_NAME = AppIcon;
				CODE_SIGN_STYLE = Automatic;
				DEVELOPMENT_TEAM = V894PNUUPH;
				INFOPLIST_FILE = "gtnyjuyikiulk,/Info.plist";
				LD_RUNPATH_SEARCH_PATHS = (
					"$(inherited)",
					"@executable_path/Frameworks",
				);
				PRODUCT_BUNDLE_IDENTIFIER = "com.tata.gtnyjuyikiulk-";
				PRODUCT_NAME = "$(TARGET_NAME)";
				SWIFT_VERSION = 4.2;
				TARGETED_DEVICE_FAMILY = "1,2";
			};
			name = Debug;
		};
		F61CCD44224F0B62001EAE20 /* Release */ = {
			isa = XCBuildConfiguration;
			buildSettings = {
				ASSETCATALOG_COMPILER_APPICON_NAME = AppIcon;
				CODE_SIGN_STYLE = Automatic;
				DEVELOPMENT_TEAM = V894PNUUPH;
				INFOPLIST_FILE = "gtnyjuyikiulk,/Info.plist";
				LD_RUNPATH_SEARCH_PATHS = (
					"$(inherited)",
					"@executable_path/Frameworks",
				);
				PRODUCT_BUNDLE_IDENTIFIER = "com.tata.gtnyjuyikiulk-";
				PRODUCT_NAME = "$(TARGET_NAME)";
				SWIFT_VERSION = 4.2;
				TARGETED_DEVICE_FAMILY = "1,2";
			};
			name = Release;
		};
/* End XCBuildConfiguration section */

/* Begin XCConfigurationList section */
		F61CCD2B224F0B61001EAE20 /* Build configuration list for PBXProject "gtnyjuyikiulk," */ = {
			isa = XCConfigurationList;
			buildConfigurations = (
				F61CCD40224F0B62001EAE20 /* Debug */,
				F61CCD41224F0B62001EAE20 /* Release */,
			);
			defaultConfigurationIsVisible = 0;
			defaultConfigurationName = Release;
		};
		F61CCD42224F0B62001EAE20 /* Build configuration list for PBXNativeTarget "gtnyjuyikiulk," */ = {
			isa = XCConfigurationList;
			buildConfigurations = (
				F61CCD43224F0B62001EAE20 /* Debug */,
				F61CCD44224F0B62001EAE20 /* Release */,
			);
			defaultConfigurationIsVisible = 0;
			defaultConfigurationName = Release;
		};
/* End XCConfigurationList section */
	};
	rootObject = F61CCD28224F0B61001EAE20 /* Project object */;
}
